
Microsoft Visual Studio Solution File, Format Version 12.00
# Visual Studio 2012
Project("{FAE04EC0-301F-11D3-BF4B-00C04F79EFBC}") = "01结构体", "01结构体\01结构体.csproj", "{1AD21F64-EBDC-4D4D-A3A3-B78A7E02C75E}"
EndProject
Project("{FAE04EC0-301F-11D3-BF4B-00C04F79EFBC}") = "02面向对象初步", "02面向对象初步\02面向对象初步.csproj", "{96C49100-466B-4688-9A1F-EB45A41867C4}"
EndProject
Project("{FAE04EC0-301F-11D3-BF4B-00C04F79EFBC}") = "03四种参数类型", "03四种参数类型\03四种参数类型.csproj", "{8811740D-5678-42B0-BFFE-31073F29DE41}"
EndProject
Project("{FAE04EC0-301F-11D3-BF4B-00C04F79EFBC}") = "04静态方法和非静态方法", "04静态方法和非静态方法\04静态方法和非静态方法.csproj", "{36AB15F5-90E8-492C-94F7-37DA1A7D39CA}"
EndProject
Project("{FAE04EC0-301F-11D3-BF4B-00C04F79EFBC}") = "05构造函数和析构函数", "05构造函数和析构函数\05构造函数和析构函数.csproj", "{C117A349-0C9A-43AA-98AF-9C14FD5E9D8A}"
EndProject
Project("{FAE04EC0-301F-11D3-BF4B-00C04F79EFBC}") = "06类的定义复习", "06类的定义复习\06类的定义复习.csproj", "{154BC911-3C6A-4EA9-B46E-788563121822}"
EndProject
Project("{FAE04EC0-301F-11D3-BF4B-00C04F79EFBC}") = "07方法重载", "07方法重载\07方法重载.csproj", "{08574A43-38B1-462A-90F8-D02FB92C0B9A}"
EndProject
Project("{FAE04EC0-301F-11D3-BF4B-00C04F79EFBC}") = "08this关键字", "08this关键字\08this关键字.csproj", "{44B39CA9-FBF5-4AD0-9DEF-A119FDC48B66}"
EndProject
Project("{FAE04EC0-301F-11D3-BF4B-00C04F79EFBC}") = "09属性 字段", "09属性 字段\09属性 字段.csproj", "{A89190BA-C3B9-4542-98B9-1F1AAAD63F3E}"
EndProject
Project("{FAE04EC0-301F-11D3-BF4B-00C04F79EFBC}") = "10object类", "10object类\10object类.csproj", "{AD041FF4-4F12-4ECE-87AA-AB2393B26FE0}"
EndProject
Project("{FAE04EC0-301F-11D3-BF4B-00C04F79EFBC}") = "11ToString问题", "11ToString问题\11ToString问题.csproj", "{45496418-3E28-4193-ACA5-A0972931C2A8}"
EndProject
Project("{FAE04EC0-301F-11D3-BF4B-00C04F79EFBC}") = "12TestToString", "12TestToString\12TestToString.csproj", "{F212BB79-955F-4C5D-B9C8-074A8FB023E9}"
EndProject
Project("{FAE04EC0-301F-11D3-BF4B-00C04F79EFBC}") = "05构造函数复习", "05构造函数复习\05构造函数复习.csproj", "{4868B151-F1BA-4EB9-8976-9D669C92701B}"
EndProject
Project("{FAE04EC0-301F-11D3-BF4B-00C04F79EFBC}") = "06类的定义复习Ticket类", "06类的定义复习Ticket类\06类的定义复习Ticket类.csproj", "{B3C8C123-BFF6-4DB6-B921-6FF556665AB5}"
EndProject
Project("{FAE04EC0-301F-11D3-BF4B-00C04F79EFBC}") = "13TestMath", "13TestMath\13TestMath.csproj", "{42333D1D-4FDA-4CD0-9B6B-02618E983E5E}"
EndProject
Project("{FAE04EC0-301F-11D3-BF4B-00C04F79EFBC}") = "14Random", "14Random\14Random.csproj", "{2B573B49-23E2-421A-92EF-C112055222E7}"
EndProject
Project("{FAE04EC0-301F-11D3-BF4B-00C04F79EFBC}") = "15DateTimeSpan", "15DateTimeSpan\15DateTimeSpan.csproj", "{8EC80FD5-9AB3-4ABA-9476-FE5078094AED}"
EndProject
Project("{FAE04EC0-301F-11D3-BF4B-00C04F79EFBC}") = "040static用法", "040static用法\040static用法.csproj", "{9CC17C27-5BCE-4887-AF0A-123C3750D252}"
EndProject
Global
	GlobalSection(SolutionConfigurationPlatforms) = preSolution
		Debug|Any CPU = Debug|Any CPU
		Release|Any CPU = Release|Any CPU
	EndGlobalSection
	GlobalSection(ProjectConfigurationPlatforms) = postSolution
		{1AD21F64-EBDC-4D4D-A3A3-B78A7E02C75E}.Debug|Any CPU.ActiveCfg = Debug|Any CPU
		{1AD21F64-EBDC-4D4D-A3A3-B78A7E02C75E}.Debug|Any CPU.Build.0 = Debug|Any CPU
		{1AD21F64-EBDC-4D4D-A3A3-B78A7E02C75E}.Release|Any CPU.ActiveCfg = Release|Any CPU
		{1AD21F64-EBDC-4D4D-A3A3-B78A7E02C75E}.Release|Any CPU.Build.0 = Release|Any CPU
		{96C49100-466B-4688-9A1F-EB45A41867C4}.Debug|Any CPU.ActiveCfg = Debug|Any CPU
		{96C49100-466B-4688-9A1F-EB45A41867C4}.Debug|Any CPU.Build.0 = Debug|Any CPU
		{96C49100-466B-4688-9A1F-EB45A41867C4}.Release|Any CPU.ActiveCfg = Release|Any CPU
		{96C49100-466B-4688-9A1F-EB45A41867C4}.Release|Any CPU.Build.0 = Release|Any CPU
		{8811740D-5678-42B0-BFFE-31073F29DE41}.Debug|Any CPU.ActiveCfg = Debug|Any CPU
		{8811740D-5678-42B0-BFFE-31073F29DE41}.Debug|Any CPU.Build.0 = Debug|Any CPU
		{8811740D-5678-42B0-BFFE-31073F29DE41}.Release|Any CPU.ActiveCfg = Release|Any CPU
		{8811740D-5678-42B0-BFFE-31073F29DE41}.Release|Any CPU.Build.0 = Release|Any CPU
		{36AB15F5-90E8-492C-94F7-37DA1A7D39CA}.Debug|Any CPU.ActiveCfg = Debug|Any CPU
		{36AB15F5-90E8-492C-94F7-37DA1A7D39CA}.Debug|Any CPU.Build.0 = Debug|Any CPU
		{36AB15F5-90E8-492C-94F7-37DA1A7D39CA}.Release|Any CPU.ActiveCfg = Release|Any CPU
		{36AB15F5-90E8-492C-94F7-37DA1A7D39CA}.Release|Any CPU.Build.0 = Release|Any CPU
		{C117A349-0C9A-43AA-98AF-9C14FD5E9D8A}.Debug|Any CPU.ActiveCfg = Debug|Any CPU
		{C117A349-0C9A-43AA-98AF-9C14FD5E9D8A}.Debug|Any CPU.Build.0 = Debug|Any CPU
		{C117A349-0C9A-43AA-98AF-9C14FD5E9D8A}.Release|Any CPU.ActiveCfg = Release|Any CPU
		{C117A349-0C9A-43AA-98AF-9C14FD5E9D8A}.Release|Any CPU.Build.0 = Release|Any CPU
		{154BC911-3C6A-4EA9-B46E-788563121822}.Debug|Any CPU.ActiveCfg = Debug|Any CPU
		{154BC911-3C6A-4EA9-B46E-788563121822}.Debug|Any CPU.Build.0 = Debug|Any CPU
		{154BC911-3C6A-4EA9-B46E-788563121822}.Release|Any CPU.ActiveCfg = Release|Any CPU
		{154BC911-3C6A-4EA9-B46E-788563121822}.Release|Any CPU.Build.0 = Release|Any CPU
		{08574A43-38B1-462A-90F8-D02FB92C0B9A}.Debug|Any CPU.ActiveCfg = Debug|Any CPU
		{08574A43-38B1-462A-90F8-D02FB92C0B9A}.Debug|Any CPU.Build.0 = Debug|Any CPU
		{08574A43-38B1-462A-90F8-D02FB92C0B9A}.Release|Any CPU.ActiveCfg = Release|Any CPU
		{08574A43-38B1-462A-90F8-D02FB92C0B9A}.Release|Any CPU.Build.0 = Release|Any CPU
		{44B39CA9-FBF5-4AD0-9DEF-A119FDC48B66}.Debug|Any CPU.ActiveCfg = Debug|Any CPU
		{44B39CA9-FBF5-4AD0-9DEF-A119FDC48B66}.Debug|Any CPU.Build.0 = Debug|Any CPU
		{44B39CA9-FBF5-4AD0-9DEF-A119FDC48B66}.Release|Any CPU.ActiveCfg = Release|Any CPU
		{44B39CA9-FBF5-4AD0-9DEF-A119FDC48B66}.Release|Any CPU.Build.0 = Release|Any CPU
		{A89190BA-C3B9-4542-98B9-1F1AAAD63F3E}.Debug|Any CPU.ActiveCfg = Debug|Any CPU
		{A89190BA-C3B9-4542-98B9-1F1AAAD63F3E}.Debug|Any CPU.Build.0 = Debug|Any CPU
		{A89190BA-C3B9-4542-98B9-1F1AAAD63F3E}.Release|Any CPU.ActiveCfg = Release|Any CPU
		{A89190BA-C3B9-4542-98B9-1F1AAAD63F3E}.Release|Any CPU.Build.0 = Release|Any CPU
		{AD041FF4-4F12-4ECE-87AA-AB2393B26FE0}.Debug|Any CPU.ActiveCfg = Debug|Any CPU
		{AD041FF4-4F12-4ECE-87AA-AB2393B26FE0}.Debug|Any CPU.Build.0 = Debug|Any CPU
		{AD041FF4-4F12-4ECE-87AA-AB2393B26FE0}.Release|Any CPU.ActiveCfg = Release|Any CPU
		{AD041FF4-4F12-4ECE-87AA-AB2393B26FE0}.Release|Any CPU.Build.0 = Release|Any CPU
		{45496418-3E28-4193-ACA5-A0972931C2A8}.Debug|Any CPU.ActiveCfg = Debug|Any CPU
		{45496418-3E28-4193-ACA5-A0972931C2A8}.Debug|Any CPU.Build.0 = Debug|Any CPU
		{45496418-3E28-4193-ACA5-A0972931C2A8}.Release|Any CPU.ActiveCfg = Release|Any CPU
		{45496418-3E28-4193-ACA5-A0972931C2A8}.Release|Any CPU.Build.0 = Release|Any CPU
		{F212BB79-955F-4C5D-B9C8-074A8FB023E9}.Debug|Any CPU.ActiveCfg = Debug|Any CPU
		{F212BB79-955F-4C5D-B9C8-074A8FB023E9}.Debug|Any CPU.Build.0 = Debug|Any CPU
		{F212BB79-955F-4C5D-B9C8-074A8FB023E9}.Release|Any CPU.ActiveCfg = Release|Any CPU
		{F212BB79-955F-4C5D-B9C8-074A8FB023E9}.Release|Any CPU.Build.0 = Release|Any CPU
		{4868B151-F1BA-4EB9-8976-9D669C92701B}.Debug|Any CPU.ActiveCfg = Debug|Any CPU
		{4868B151-F1BA-4EB9-8976-9D669C92701B}.Debug|Any CPU.Build.0 = Debug|Any CPU
		{4868B151-F1BA-4EB9-8976-9D669C92701B}.Release|Any CPU.ActiveCfg = Release|Any CPU
		{4868B151-F1BA-4EB9-8976-9D669C92701B}.Release|Any CPU.Build.0 = Release|Any CPU
		{B3C8C123-BFF6-4DB6-B921-6FF556665AB5}.Debug|Any CPU.ActiveCfg = Debug|Any CPU
		{B3C8C123-BFF6-4DB6-B921-6FF556665AB5}.Debug|Any CPU.Build.0 = Debug|Any CPU
		{B3C8C123-BFF6-4DB6-B921-6FF556665AB5}.Release|Any CPU.ActiveCfg = Release|Any CPU
		{B3C8C123-BFF6-4DB6-B921-6FF556665AB5}.Release|Any CPU.Build.0 = Release|Any CPU
		{42333D1D-4FDA-4CD0-9B6B-02618E983E5E}.Debug|Any CPU.ActiveCfg = Debug|Any CPU
		{42333D1D-4FDA-4CD0-9B6B-02618E983E5E}.Debug|Any CPU.Build.0 = Debug|Any CPU
		{42333D1D-4FDA-4CD0-9B6B-02618E983E5E}.Release|Any CPU.ActiveCfg = Release|Any CPU
		{42333D1D-4FDA-4CD0-9B6B-02618E983E5E}.Release|Any CPU.Build.0 = Release|Any CPU
		{2B573B49-23E2-421A-92EF-C112055222E7}.Debug|Any CPU.ActiveCfg = Debug|Any CPU
		{2B573B49-23E2-421A-92EF-C112055222E7}.Debug|Any CPU.Build.0 = Debug|Any CPU
		{2B573B49-23E2-421A-92EF-C112055222E7}.Release|Any CPU.ActiveCfg = Release|Any CPU
		{2B573B49-23E2-421A-92EF-C112055222E7}.Release|Any CPU.Build.0 = Release|Any CPU
		{8EC80FD5-9AB3-4ABA-9476-FE5078094AED}.Debug|Any CPU.ActiveCfg = Debug|Any CPU
		{8EC80FD5-9AB3-4ABA-9476-FE5078094AED}.Debug|Any CPU.Build.0 = Debug|Any CPU
		{8EC80FD5-9AB3-4ABA-9476-FE5078094AED}.Release|Any CPU.ActiveCfg = Release|Any CPU
		{8EC80FD5-9AB3-4ABA-9476-FE5078094AED}.Release|Any CPU.Build.0 = Release|Any CPU
		{9CC17C27-5BCE-4887-AF0A-123C3750D252}.Debug|Any CPU.ActiveCfg = Debug|Any CPU
		{9CC17C27-5BCE-4887-AF0A-123C3750D252}.Debug|Any CPU.Build.0 = Debug|Any CPU
		{9CC17C27-5BCE-4887-AF0A-123C3750D252}.Release|Any CPU.ActiveCfg = Release|Any CPU
		{9CC17C27-5BCE-4887-AF0A-123C3750D252}.Release|Any CPU.Build.0 = Release|Any CPU
	EndGlobalSection
	GlobalSection(SolutionProperties) = preSolution
		HideSolutionNode = FALSE
	EndGlobalSection
EndGlobal
