
Microsoft Visual Studio Solution File, Format Version 12.00
# Visual Studio 2013
VisualStudioVersion = 12.0.21005.1
MinimumVisualStudioVersion = 10.0.40219.1
Project("{FAE04EC0-301F-11D3-BF4B-00C04F79EFBC}") = "New电子商务系统", "New电子商务系统\New电子商务系统.csproj", "{13DABE55-8CE2-4EEC-9342-C69A2E9D939C}"
EndProject
Global
	GlobalSection(SolutionConfigurationPlatforms) = preSolution
		Debug|Any CPU = Debug|Any CPU
		Release|Any CPU = Release|Any CPU
	EndGlobalSection
	GlobalSection(ProjectConfigurationPlatforms) = postSolution
		{13DABE55-8CE2-4EEC-9342-C69A2E9D939C}.Debug|Any CPU.ActiveCfg = Debug|Any CPU
		{13DABE55-8CE2-4EEC-9342-C69A2E9D939C}.Debug|Any CPU.Build.0 = Debug|Any CPU
		{13DABE55-8CE2-4EEC-9342-C69A2E9D939C}.Release|Any CPU.ActiveCfg = Release|Any CPU
		{13DABE55-8CE2-4EEC-9342-C69A2E9D939C}.Release|Any CPU.Build.0 = Release|Any CPU
	EndGlobalSection
	GlobalSection(SolutionProperties) = preSolution
		HideSolutionNode = FALSE
	EndGlobalSection
EndGlobal
