
Microsoft Visual Studio Solution File, Format Version 12.00
# Visual Studio 2012
Project("{FAE04EC0-301F-11D3-BF4B-00C04F79EFBC}") = "01继承", "01继承\01继承.csproj", "{2B092EFD-2DCF-4D24-882E-F8815A366C77}"
EndProject
Project("{FAE04EC0-301F-11D3-BF4B-00C04F79EFBC}") = "02继承练习", "02继承练习\02继承练习.csproj", "{5079B917-CB50-44C0-B487-19673938E7BC}"
EndProject
Project("{FAE04EC0-301F-11D3-BF4B-00C04F79EFBC}") = "03里氏转换", "03里氏转换\03里氏转换.csproj", "{906D1D21-20DD-4BC8-9B1E-1A7E9906F04A}"
EndProject
Project("{FAE04EC0-301F-11D3-BF4B-00C04F79EFBC}") = "04里氏转换练习", "04里氏转换练习\04里氏转换练习.csproj", "{7F248205-2402-47C5-91ED-99C75DC5744F}"
EndProject
Project("{FAE04EC0-301F-11D3-BF4B-00C04F79EFBC}") = "05-0虚方法多态", "05虚方法多态\05-0虚方法多态.csproj", "{D064FE58-4118-4BD5-8CDA-DD571F78A2F8}"
EndProject
Project("{FAE04EC0-301F-11D3-BF4B-00C04F79EFBC}") = "00构造函数的调用", "00构造函数的调用\00构造函数的调用.csproj", "{5AF9B3A9-B634-4399-AB99-A4C333029A74}"
EndProject
Project("{FAE04EC0-301F-11D3-BF4B-00C04F79EFBC}") = "装箱和拆箱", "装箱和拆箱\装箱和拆箱.csproj", "{EF02FD59-66D0-43BA-A2E1-D7CCDF9AD23D}"
EndProject
Project("{FAE04EC0-301F-11D3-BF4B-00C04F79EFBC}") = "05-1多态练习", "05-1多态练习\05-1多态练习.csproj", "{C4E3461E-4EC3-477E-A8C6-42DB1606E329}"
EndProject
Project("{FAE04EC0-301F-11D3-BF4B-00C04F79EFBC}") = "05-2多态练习", "05-2多态练习\05-2多态练习.csproj", "{7BB7F323-97D1-4FB0-AE3B-7CC92538AF5C}"
EndProject
Project("{FAE04EC0-301F-11D3-BF4B-00C04F79EFBC}") = "05-3多态练习", "05-3多态练习\05-3多态练习.csproj", "{6FDA6D01-607C-4779-8BC1-08D5B485C238}"
EndProject
Project("{FAE04EC0-301F-11D3-BF4B-00C04F79EFBC}") = "06-0抽象类", "06-0抽象类\06-0抽象类.csproj", "{C618E4BC-3559-40EF-9167-84C60E3605FE}"
EndProject
Project("{FAE04EC0-301F-11D3-BF4B-00C04F79EFBC}") = "06-1抽象类练习", "06-1抽象类练习\06-1抽象类练习.csproj", "{2D3CF2EC-8275-4A02-A585-DA3A4B545CEB}"
EndProject
Project("{FAE04EC0-301F-11D3-BF4B-00C04F79EFBC}") = "06-2抽象类练习", "06-2抽象类练习\06-2抽象类练习.csproj", "{201F37E2-7EA3-407F-BC49-EDCEDED28477}"
EndProject
Global
	GlobalSection(SolutionConfigurationPlatforms) = preSolution
		Debug|Any CPU = Debug|Any CPU
		Release|Any CPU = Release|Any CPU
	EndGlobalSection
	GlobalSection(ProjectConfigurationPlatforms) = postSolution
		{2B092EFD-2DCF-4D24-882E-F8815A366C77}.Debug|Any CPU.ActiveCfg = Debug|Any CPU
		{2B092EFD-2DCF-4D24-882E-F8815A366C77}.Debug|Any CPU.Build.0 = Debug|Any CPU
		{2B092EFD-2DCF-4D24-882E-F8815A366C77}.Release|Any CPU.ActiveCfg = Release|Any CPU
		{2B092EFD-2DCF-4D24-882E-F8815A366C77}.Release|Any CPU.Build.0 = Release|Any CPU
		{5079B917-CB50-44C0-B487-19673938E7BC}.Debug|Any CPU.ActiveCfg = Debug|Any CPU
		{5079B917-CB50-44C0-B487-19673938E7BC}.Debug|Any CPU.Build.0 = Debug|Any CPU
		{5079B917-CB50-44C0-B487-19673938E7BC}.Release|Any CPU.ActiveCfg = Release|Any CPU
		{5079B917-CB50-44C0-B487-19673938E7BC}.Release|Any CPU.Build.0 = Release|Any CPU
		{906D1D21-20DD-4BC8-9B1E-1A7E9906F04A}.Debug|Any CPU.ActiveCfg = Debug|Any CPU
		{906D1D21-20DD-4BC8-9B1E-1A7E9906F04A}.Debug|Any CPU.Build.0 = Debug|Any CPU
		{906D1D21-20DD-4BC8-9B1E-1A7E9906F04A}.Release|Any CPU.ActiveCfg = Release|Any CPU
		{906D1D21-20DD-4BC8-9B1E-1A7E9906F04A}.Release|Any CPU.Build.0 = Release|Any CPU
		{7F248205-2402-47C5-91ED-99C75DC5744F}.Debug|Any CPU.ActiveCfg = Debug|Any CPU
		{7F248205-2402-47C5-91ED-99C75DC5744F}.Debug|Any CPU.Build.0 = Debug|Any CPU
		{7F248205-2402-47C5-91ED-99C75DC5744F}.Release|Any CPU.ActiveCfg = Release|Any CPU
		{7F248205-2402-47C5-91ED-99C75DC5744F}.Release|Any CPU.Build.0 = Release|Any CPU
		{D064FE58-4118-4BD5-8CDA-DD571F78A2F8}.Debug|Any CPU.ActiveCfg = Debug|Any CPU
		{D064FE58-4118-4BD5-8CDA-DD571F78A2F8}.Debug|Any CPU.Build.0 = Debug|Any CPU
		{D064FE58-4118-4BD5-8CDA-DD571F78A2F8}.Release|Any CPU.ActiveCfg = Release|Any CPU
		{D064FE58-4118-4BD5-8CDA-DD571F78A2F8}.Release|Any CPU.Build.0 = Release|Any CPU
		{5AF9B3A9-B634-4399-AB99-A4C333029A74}.Debug|Any CPU.ActiveCfg = Debug|Any CPU
		{5AF9B3A9-B634-4399-AB99-A4C333029A74}.Debug|Any CPU.Build.0 = Debug|Any CPU
		{5AF9B3A9-B634-4399-AB99-A4C333029A74}.Release|Any CPU.ActiveCfg = Release|Any CPU
		{5AF9B3A9-B634-4399-AB99-A4C333029A74}.Release|Any CPU.Build.0 = Release|Any CPU
		{EF02FD59-66D0-43BA-A2E1-D7CCDF9AD23D}.Debug|Any CPU.ActiveCfg = Debug|Any CPU
		{EF02FD59-66D0-43BA-A2E1-D7CCDF9AD23D}.Debug|Any CPU.Build.0 = Debug|Any CPU
		{EF02FD59-66D0-43BA-A2E1-D7CCDF9AD23D}.Release|Any CPU.ActiveCfg = Release|Any CPU
		{EF02FD59-66D0-43BA-A2E1-D7CCDF9AD23D}.Release|Any CPU.Build.0 = Release|Any CPU
		{C4E3461E-4EC3-477E-A8C6-42DB1606E329}.Debug|Any CPU.ActiveCfg = Debug|Any CPU
		{C4E3461E-4EC3-477E-A8C6-42DB1606E329}.Debug|Any CPU.Build.0 = Debug|Any CPU
		{C4E3461E-4EC3-477E-A8C6-42DB1606E329}.Release|Any CPU.ActiveCfg = Release|Any CPU
		{C4E3461E-4EC3-477E-A8C6-42DB1606E329}.Release|Any CPU.Build.0 = Release|Any CPU
		{7BB7F323-97D1-4FB0-AE3B-7CC92538AF5C}.Debug|Any CPU.ActiveCfg = Debug|Any CPU
		{7BB7F323-97D1-4FB0-AE3B-7CC92538AF5C}.Debug|Any CPU.Build.0 = Debug|Any CPU
		{7BB7F323-97D1-4FB0-AE3B-7CC92538AF5C}.Release|Any CPU.ActiveCfg = Release|Any CPU
		{7BB7F323-97D1-4FB0-AE3B-7CC92538AF5C}.Release|Any CPU.Build.0 = Release|Any CPU
		{6FDA6D01-607C-4779-8BC1-08D5B485C238}.Debug|Any CPU.ActiveCfg = Debug|Any CPU
		{6FDA6D01-607C-4779-8BC1-08D5B485C238}.Debug|Any CPU.Build.0 = Debug|Any CPU
		{6FDA6D01-607C-4779-8BC1-08D5B485C238}.Release|Any CPU.ActiveCfg = Release|Any CPU
		{6FDA6D01-607C-4779-8BC1-08D5B485C238}.Release|Any CPU.Build.0 = Release|Any CPU
		{C618E4BC-3559-40EF-9167-84C60E3605FE}.Debug|Any CPU.ActiveCfg = Debug|Any CPU
		{C618E4BC-3559-40EF-9167-84C60E3605FE}.Debug|Any CPU.Build.0 = Debug|Any CPU
		{C618E4BC-3559-40EF-9167-84C60E3605FE}.Release|Any CPU.ActiveCfg = Release|Any CPU
		{C618E4BC-3559-40EF-9167-84C60E3605FE}.Release|Any CPU.Build.0 = Release|Any CPU
		{2D3CF2EC-8275-4A02-A585-DA3A4B545CEB}.Debug|Any CPU.ActiveCfg = Debug|Any CPU
		{2D3CF2EC-8275-4A02-A585-DA3A4B545CEB}.Debug|Any CPU.Build.0 = Debug|Any CPU
		{2D3CF2EC-8275-4A02-A585-DA3A4B545CEB}.Release|Any CPU.ActiveCfg = Release|Any CPU
		{2D3CF2EC-8275-4A02-A585-DA3A4B545CEB}.Release|Any CPU.Build.0 = Release|Any CPU
		{201F37E2-7EA3-407F-BC49-EDCEDED28477}.Debug|Any CPU.ActiveCfg = Debug|Any CPU
		{201F37E2-7EA3-407F-BC49-EDCEDED28477}.Debug|Any CPU.Build.0 = Debug|Any CPU
		{201F37E2-7EA3-407F-BC49-EDCEDED28477}.Release|Any CPU.ActiveCfg = Release|Any CPU
		{201F37E2-7EA3-407F-BC49-EDCEDED28477}.Release|Any CPU.Build.0 = Release|Any CPU
	EndGlobalSection
	GlobalSection(SolutionProperties) = preSolution
		HideSolutionNode = FALSE
	EndGlobalSection
EndGlobal
