
Microsoft Visual Studio Solution File, Format Version 12.00
# Visual Studio 2012
Project("{FAE04EC0-301F-11D3-BF4B-00C04F79EFBC}") = "文本编辑器", "文本编辑器.csproj", "{BB93185F-D7BD-47CE-B2BF-98C0EB6A3CC6}"
EndProject
Global
	GlobalSection(SolutionConfigurationPlatforms) = preSolution
		Debug|Any CPU = Debug|Any CPU
		Release|Any CPU = Release|Any CPU
	EndGlobalSection
	GlobalSection(ProjectConfigurationPlatforms) = postSolution
		{BB93185F-D7BD-47CE-B2BF-98C0EB6A3CC6}.Debug|Any CPU.ActiveCfg = Debug|Any CPU
		{BB93185F-D7BD-47CE-B2BF-98C0EB6A3CC6}.Debug|Any CPU.Build.0 = Debug|Any CPU
		{BB93185F-D7BD-47CE-B2BF-98C0EB6A3CC6}.Release|Any CPU.ActiveCfg = Release|Any CPU
		{BB93185F-D7BD-47CE-B2BF-98C0EB6A3CC6}.Release|Any CPU.Build.0 = Release|Any CPU
	EndGlobalSection
	GlobalSection(SolutionProperties) = preSolution
		HideSolutionNode = FALSE
	EndGlobalSection
EndGlobal
