
Microsoft Visual Studio Solution File, Format Version 12.00
# Visual Studio 15
VisualStudioVersion = 15.0.27130.2003
MinimumVisualStudioVersion = 10.0.40219.1
Project("{FAE04EC0-301F-11D3-BF4B-00C04F79EFBC}") = "Puzzle", "Puzzle\Puzzle.csproj", "{324A837D-CD91-4C9F-A015-C11B87716295}"
EndProject
Global
	GlobalSection(SolutionConfigurationPlatforms) = preSolution
		Debug|Any CPU = Debug|Any CPU
		Release|Any CPU = Release|Any CPU
	EndGlobalSection
	GlobalSection(ProjectConfigurationPlatforms) = postSolution
		{324A837D-CD91-4C9F-A015-C11B87716295}.Debug|Any CPU.ActiveCfg = Debug|Any CPU
		{324A837D-CD91-4C9F-A015-C11B87716295}.Debug|Any CPU.Build.0 = Debug|Any CPU
		{324A837D-CD91-4C9F-A015-C11B87716295}.Release|Any CPU.ActiveCfg = Release|Any CPU
		{324A837D-CD91-4C9F-A015-C11B87716295}.Release|Any CPU.Build.0 = Release|Any CPU
	EndGlobalSection
	GlobalSection(SolutionProperties) = preSolution
		HideSolutionNode = FALSE
	EndGlobalSection
	GlobalSection(ExtensibilityGlobals) = postSolution
		SolutionGuid = {B019ECCE-EF6A-4741-A5B1-1D0243327AB5}
	EndGlobalSection
EndGlobal
