
Microsoft Visual Studio Solution File, Format Version 11.00
# Visual Studio 2010
Project("{FAE04EC0-301F-11D3-BF4B-00C04F79EFBC}") = "01接口", "01接口\01接口.csproj", "{E6533EA0-23F0-4B1E-A348-562BA784D28A}"
EndProject
Project("{FAE04EC0-301F-11D3-BF4B-00C04F79EFBC}") = "02接口的多继承性", "02接口的多继承性\02接口的多继承性.csproj", "{C5FA2FF0-9B41-43EC-9E06-940FF1FD0AF7}"
EndProject
Project("{FAE04EC0-301F-11D3-BF4B-00C04F79EFBC}") = "03接口练习_多态", "03接口练习_多态\03接口练习_多态.csproj", "{53B3AD30-4619-4386-8D6A-2CD318277760}"
EndProject
Project("{FAE04EC0-301F-11D3-BF4B-00C04F79EFBC}") = "04显示实现接口", "04显示实现接口\04显示实现接口.csproj", "{F07C75B4-E36F-4E00-8F30-03855D117A16}"
EndProject
Project("{FAE04EC0-301F-11D3-BF4B-00C04F79EFBC}") = "05接口练习", "05接口练习\05接口练习.csproj", "{9B69BCE3-D731-488B-9FF9-C87AAD9B269A}"
EndProject
Project("{FAE04EC0-301F-11D3-BF4B-00C04F79EFBC}") = "06访问修饰符", "06访问修饰符\06访问修饰符.csproj", "{69A11A8F-3D58-4015-9955-EBBE3D5302BC}"
EndProject
Project("{FAE04EC0-301F-11D3-BF4B-00C04F79EFBC}") = "07为什么使用委托", "07为什么使用委托\07为什么使用委托.csproj", "{542CCEEB-0C5F-4BF5-9ECD-DF649098513B}"
EndProject
Project("{FAE04EC0-301F-11D3-BF4B-00C04F79EFBC}") = "08委托的概念", "08委托的概念\08委托的概念.csproj", "{1716AE6B-84C6-4340-8641-42E9278DE014}"
EndProject
Project("{FAE04EC0-301F-11D3-BF4B-00C04F79EFBC}") = "09匿名委托函数", "09匿名委托函数\09匿名委托函数.csproj", "{E0B48C14-47D6-4B97-A2BB-6C09F3E43F6E}"
EndProject
Project("{FAE04EC0-301F-11D3-BF4B-00C04F79EFBC}") = "10求数组的最大值", "10求数组的最大值\10求数组的最大值.csproj", "{D54778DD-5ADF-4279-9567-83B731B5ADF9}"
EndProject
Project("{FAE04EC0-301F-11D3-BF4B-00C04F79EFBC}") = "11泛型委托", "11泛型委托\11泛型委托.csproj", "{C0AAB554-CEE3-4DDF-B911-1F7C11B179B2}"
EndProject
Project("{FAE04EC0-301F-11D3-BF4B-00C04F79EFBC}") = "12lamda表达式", "12lamda表达式\12lamda表达式.csproj", "{F3EDA39E-909A-43D7-8B56-ECF83EA55364}"
EndProject
Project("{FAE04EC0-301F-11D3-BF4B-00C04F79EFBC}") = "13委托连（多播委托）", "13委托连（多播委托）\13委托连（多播委托）.csproj", "{BE5B060D-876E-484A-86B7-90D36D50EB52}"
EndProject
Project("{FAE04EC0-301F-11D3-BF4B-00C04F79EFBC}") = "14委托的几种调用方法", "14委托的几种调用方法\14委托的几种调用方法.csproj", "{925CD47B-880D-49C5-91F3-EACEFEF17E69}"
EndProject
Project("{FAE04EC0-301F-11D3-BF4B-00C04F79EFBC}") = "15Event事件", "15Event事件\15Event事件.csproj", "{70261D23-A38E-47C3-B197-DAD4D4A272AA}"
EndProject
Project("{FAE04EC0-301F-11D3-BF4B-00C04F79EFBC}") = "16EventHandler", "16EventHandler\16EventHandler.csproj", "{1B1A7552-BC0E-40BE-8FB2-219CE9CA8DB0}"
EndProject
Project("{FAE04EC0-301F-11D3-BF4B-00C04F79EFBC}") = "17扩展EventArgs", "17扩展EventArgs\17扩展EventArgs.csproj", "{B44EE5D7-BE3B-4958-ADC0-C2F1043012AE}"
EndProject
Global
	GlobalSection(SolutionConfigurationPlatforms) = preSolution
		Debug|x86 = Debug|x86
		Release|x86 = Release|x86
	EndGlobalSection
	GlobalSection(ProjectConfigurationPlatforms) = postSolution
		{E6533EA0-23F0-4B1E-A348-562BA784D28A}.Debug|x86.ActiveCfg = Debug|x86
		{E6533EA0-23F0-4B1E-A348-562BA784D28A}.Debug|x86.Build.0 = Debug|x86
		{E6533EA0-23F0-4B1E-A348-562BA784D28A}.Release|x86.ActiveCfg = Release|x86
		{E6533EA0-23F0-4B1E-A348-562BA784D28A}.Release|x86.Build.0 = Release|x86
		{C5FA2FF0-9B41-43EC-9E06-940FF1FD0AF7}.Debug|x86.ActiveCfg = Debug|x86
		{C5FA2FF0-9B41-43EC-9E06-940FF1FD0AF7}.Debug|x86.Build.0 = Debug|x86
		{C5FA2FF0-9B41-43EC-9E06-940FF1FD0AF7}.Release|x86.ActiveCfg = Release|x86
		{C5FA2FF0-9B41-43EC-9E06-940FF1FD0AF7}.Release|x86.Build.0 = Release|x86
		{53B3AD30-4619-4386-8D6A-2CD318277760}.Debug|x86.ActiveCfg = Debug|x86
		{53B3AD30-4619-4386-8D6A-2CD318277760}.Debug|x86.Build.0 = Debug|x86
		{53B3AD30-4619-4386-8D6A-2CD318277760}.Release|x86.ActiveCfg = Release|x86
		{53B3AD30-4619-4386-8D6A-2CD318277760}.Release|x86.Build.0 = Release|x86
		{F07C75B4-E36F-4E00-8F30-03855D117A16}.Debug|x86.ActiveCfg = Debug|x86
		{F07C75B4-E36F-4E00-8F30-03855D117A16}.Debug|x86.Build.0 = Debug|x86
		{F07C75B4-E36F-4E00-8F30-03855D117A16}.Release|x86.ActiveCfg = Release|x86
		{F07C75B4-E36F-4E00-8F30-03855D117A16}.Release|x86.Build.0 = Release|x86
		{9B69BCE3-D731-488B-9FF9-C87AAD9B269A}.Debug|x86.ActiveCfg = Debug|x86
		{9B69BCE3-D731-488B-9FF9-C87AAD9B269A}.Debug|x86.Build.0 = Debug|x86
		{9B69BCE3-D731-488B-9FF9-C87AAD9B269A}.Release|x86.ActiveCfg = Release|x86
		{9B69BCE3-D731-488B-9FF9-C87AAD9B269A}.Release|x86.Build.0 = Release|x86
		{69A11A8F-3D58-4015-9955-EBBE3D5302BC}.Debug|x86.ActiveCfg = Debug|x86
		{69A11A8F-3D58-4015-9955-EBBE3D5302BC}.Debug|x86.Build.0 = Debug|x86
		{69A11A8F-3D58-4015-9955-EBBE3D5302BC}.Release|x86.ActiveCfg = Release|x86
		{69A11A8F-3D58-4015-9955-EBBE3D5302BC}.Release|x86.Build.0 = Release|x86
		{542CCEEB-0C5F-4BF5-9ECD-DF649098513B}.Debug|x86.ActiveCfg = Debug|x86
		{542CCEEB-0C5F-4BF5-9ECD-DF649098513B}.Debug|x86.Build.0 = Debug|x86
		{542CCEEB-0C5F-4BF5-9ECD-DF649098513B}.Release|x86.ActiveCfg = Release|x86
		{542CCEEB-0C5F-4BF5-9ECD-DF649098513B}.Release|x86.Build.0 = Release|x86
		{1716AE6B-84C6-4340-8641-42E9278DE014}.Debug|x86.ActiveCfg = Debug|x86
		{1716AE6B-84C6-4340-8641-42E9278DE014}.Debug|x86.Build.0 = Debug|x86
		{1716AE6B-84C6-4340-8641-42E9278DE014}.Release|x86.ActiveCfg = Release|x86
		{1716AE6B-84C6-4340-8641-42E9278DE014}.Release|x86.Build.0 = Release|x86
		{E0B48C14-47D6-4B97-A2BB-6C09F3E43F6E}.Debug|x86.ActiveCfg = Debug|x86
		{E0B48C14-47D6-4B97-A2BB-6C09F3E43F6E}.Debug|x86.Build.0 = Debug|x86
		{E0B48C14-47D6-4B97-A2BB-6C09F3E43F6E}.Release|x86.ActiveCfg = Release|x86
		{E0B48C14-47D6-4B97-A2BB-6C09F3E43F6E}.Release|x86.Build.0 = Release|x86
		{D54778DD-5ADF-4279-9567-83B731B5ADF9}.Debug|x86.ActiveCfg = Debug|x86
		{D54778DD-5ADF-4279-9567-83B731B5ADF9}.Debug|x86.Build.0 = Debug|x86
		{D54778DD-5ADF-4279-9567-83B731B5ADF9}.Release|x86.ActiveCfg = Release|x86
		{D54778DD-5ADF-4279-9567-83B731B5ADF9}.Release|x86.Build.0 = Release|x86
		{C0AAB554-CEE3-4DDF-B911-1F7C11B179B2}.Debug|x86.ActiveCfg = Debug|x86
		{C0AAB554-CEE3-4DDF-B911-1F7C11B179B2}.Debug|x86.Build.0 = Debug|x86
		{C0AAB554-CEE3-4DDF-B911-1F7C11B179B2}.Release|x86.ActiveCfg = Release|x86
		{C0AAB554-CEE3-4DDF-B911-1F7C11B179B2}.Release|x86.Build.0 = Release|x86
		{F3EDA39E-909A-43D7-8B56-ECF83EA55364}.Debug|x86.ActiveCfg = Debug|x86
		{F3EDA39E-909A-43D7-8B56-ECF83EA55364}.Debug|x86.Build.0 = Debug|x86
		{F3EDA39E-909A-43D7-8B56-ECF83EA55364}.Release|x86.ActiveCfg = Release|x86
		{F3EDA39E-909A-43D7-8B56-ECF83EA55364}.Release|x86.Build.0 = Release|x86
		{BE5B060D-876E-484A-86B7-90D36D50EB52}.Debug|x86.ActiveCfg = Debug|x86
		{BE5B060D-876E-484A-86B7-90D36D50EB52}.Debug|x86.Build.0 = Debug|x86
		{BE5B060D-876E-484A-86B7-90D36D50EB52}.Release|x86.ActiveCfg = Release|x86
		{BE5B060D-876E-484A-86B7-90D36D50EB52}.Release|x86.Build.0 = Release|x86
		{925CD47B-880D-49C5-91F3-EACEFEF17E69}.Debug|x86.ActiveCfg = Debug|x86
		{925CD47B-880D-49C5-91F3-EACEFEF17E69}.Debug|x86.Build.0 = Debug|x86
		{925CD47B-880D-49C5-91F3-EACEFEF17E69}.Release|x86.ActiveCfg = Release|x86
		{925CD47B-880D-49C5-91F3-EACEFEF17E69}.Release|x86.Build.0 = Release|x86
		{70261D23-A38E-47C3-B197-DAD4D4A272AA}.Debug|x86.ActiveCfg = Debug|x86
		{70261D23-A38E-47C3-B197-DAD4D4A272AA}.Debug|x86.Build.0 = Debug|x86
		{70261D23-A38E-47C3-B197-DAD4D4A272AA}.Release|x86.ActiveCfg = Release|x86
		{70261D23-A38E-47C3-B197-DAD4D4A272AA}.Release|x86.Build.0 = Release|x86
		{1B1A7552-BC0E-40BE-8FB2-219CE9CA8DB0}.Debug|x86.ActiveCfg = Debug|x86
		{1B1A7552-BC0E-40BE-8FB2-219CE9CA8DB0}.Debug|x86.Build.0 = Debug|x86
		{1B1A7552-BC0E-40BE-8FB2-219CE9CA8DB0}.Release|x86.ActiveCfg = Release|x86
		{1B1A7552-BC0E-40BE-8FB2-219CE9CA8DB0}.Release|x86.Build.0 = Release|x86
		{B44EE5D7-BE3B-4958-ADC0-C2F1043012AE}.Debug|x86.ActiveCfg = Debug|x86
		{B44EE5D7-BE3B-4958-ADC0-C2F1043012AE}.Debug|x86.Build.0 = Debug|x86
		{B44EE5D7-BE3B-4958-ADC0-C2F1043012AE}.Release|x86.ActiveCfg = Release|x86
		{B44EE5D7-BE3B-4958-ADC0-C2F1043012AE}.Release|x86.Build.0 = Release|x86
	EndGlobalSection
	GlobalSection(SolutionProperties) = preSolution
		HideSolutionNode = FALSE
	EndGlobalSection
EndGlobal
