
Microsoft Visual Studio Solution File, Format Version 12.00
# Visual Studio 15
VisualStudioVersion = 15.0.28307.645
MinimumVisualStudioVersion = 10.0.40219.1
Project("{FAE04EC0-301F-11D3-BF4B-00C04F79EFBC}") = "Chatrrom", "Chatrrom\Chatrrom.csproj", "{7F9EB35D-8762-485D-9715-D141E8ABE8E7}"
EndProject
Project("{FAE04EC0-301F-11D3-BF4B-00C04F79EFBC}") = "ChatServer", "server1\ChatServer.csproj", "{F0FD3755-5581-4BAB-BD93-1BD8A6C51E18}"
EndProject
Global
	GlobalSection(SolutionConfigurationPlatforms) = preSolution
		Debug|Any CPU = Debug|Any CPU
		Release|Any CPU = Release|Any CPU
	EndGlobalSection
	GlobalSection(ProjectConfigurationPlatforms) = postSolution
		{7F9EB35D-8762-485D-9715-D141E8ABE8E7}.Debug|Any CPU.ActiveCfg = Debug|Any CPU
		{7F9EB35D-8762-485D-9715-D141E8ABE8E7}.Debug|Any CPU.Build.0 = Debug|Any CPU
		{7F9EB35D-8762-485D-9715-D141E8ABE8E7}.Release|Any CPU.ActiveCfg = Release|Any CPU
		{7F9EB35D-8762-485D-9715-D141E8ABE8E7}.Release|Any CPU.Build.0 = Release|Any CPU
		{F0FD3755-5581-4BAB-BD93-1BD8A6C51E18}.Debug|Any CPU.ActiveCfg = Debug|Any CPU
		{F0FD3755-5581-4BAB-BD93-1BD8A6C51E18}.Debug|Any CPU.Build.0 = Debug|Any CPU
		{F0FD3755-5581-4BAB-BD93-1BD8A6C51E18}.Release|Any CPU.ActiveCfg = Release|Any CPU
		{F0FD3755-5581-4BAB-BD93-1BD8A6C51E18}.Release|Any CPU.Build.0 = Release|Any CPU
	EndGlobalSection
	GlobalSection(SolutionProperties) = preSolution
		HideSolutionNode = FALSE
	EndGlobalSection
	GlobalSection(ExtensibilityGlobals) = postSolution
		SolutionGuid = {6AEE372C-D311-4D68-9DA0-323C17DB0BE8}
	EndGlobalSection
EndGlobal
