
Microsoft Visual Studio Solution File, Format Version 12.00
# Visual Studio 2012
Project("{FAE04EC0-301F-11D3-BF4B-00C04F79EFBC}") = "01变量与常量", "01变量与常量\01变量与常量.csproj", "{3A62105A-D24C-46C3-BA95-EACC24B98151}"
EndProject
Project("{FAE04EC0-301F-11D3-BF4B-00C04F79EFBC}") = "02加号连字符", "02加号连字符\02加号连字符.csproj", "{2538D6F9-A3F2-4976-AEFF-5BAF3A150905}"
EndProject
Project("{FAE04EC0-301F-11D3-BF4B-00C04F79EFBC}") = "03占位符", "03占位符\03占位符.csproj", "{10D0EE6E-C108-41E4-BF42-28BB196F6714}"
EndProject
Project("{FAE04EC0-301F-11D3-BF4B-00C04F79EFBC}") = "04接收用户输入", "06接收用户输入\04接收用户输入.csproj", "{8E1C0A81-060B-449B-8A45-CDCB54D070E0}"
EndProject
Project("{FAE04EC0-301F-11D3-BF4B-00C04F79EFBC}") = "05类型转换", "05类型转换\05类型转换.csproj", "{F4D91946-E13D-44EE-82A1-CD00FDBF175E}"
EndProject
Project("{FAE04EC0-301F-11D3-BF4B-00C04F79EFBC}") = "06交换变量", "06交换变量\06交换变量.csproj", "{8A568B10-E155-4A85-94D5-7231371652E2}"
EndProject
Project("{FAE04EC0-301F-11D3-BF4B-00C04F79EFBC}") = "07枚举", "07枚举\07枚举.csproj", "{72C9F977-EC00-4334-91EF-73988CD85ED7}"
EndProject
Project("{FAE04EC0-301F-11D3-BF4B-00C04F79EFBC}") = "08输入输出练习", "08输入输出练习\08输入输出练习.csproj", "{D9306D9C-E649-41E1-9A97-7061B9584980}"
EndProject
Project("{FAE04EC0-301F-11D3-BF4B-00C04F79EFBC}") = "09GradeLevel", "09GradeLevel\09GradeLevel.csproj", "{39522EA1-A860-4A3F-A9B1-B9E688595C2C}"
EndProject
Project("{FAE04EC0-301F-11D3-BF4B-00C04F79EFBC}") = "10循环相加", "10循环相加\10循环相加.csproj", "{09EFC900-1719-406F-A251-0EE0A3DCEDE9}"
EndProject
Project("{FAE04EC0-301F-11D3-BF4B-00C04F79EFBC}") = "11数组", "11数组\11数组.csproj", "{125200E5-D5F0-4EC4-8DB4-4D2AE1054A09}"
EndProject
Project("{FAE04EC0-301F-11D3-BF4B-00C04F79EFBC}") = "12二维数组", "12二维数组\12二维数组.csproj", "{EFFF598F-F937-4131-912C-3C7E71D72FED}"
EndProject
Project("{FAE04EC0-301F-11D3-BF4B-00C04F79EFBC}") = "13参数数组", "13参数数组\13参数数组.csproj", "{BD08EDAF-9A27-4602-907F-7CD10E750A6C}"
EndProject
Project("{FAE04EC0-301F-11D3-BF4B-00C04F79EFBC}") = "14var推断类型", "14var推断类型\14var推断类型.csproj", "{7979FEDB-36BA-4598-A9D8-7CAD5DE0EA9B}"
EndProject
Project("{FAE04EC0-301F-11D3-BF4B-00C04F79EFBC}") = "15foreach循环", "15foreach循环\15foreach循环.csproj", "{C96C616C-0101-4E98-B0CD-7B9CEDDB8539}"
EndProject
Project("{FAE04EC0-301F-11D3-BF4B-00C04F79EFBC}") = "16统计奇数偶数", "16统计奇数偶数\16统计奇数偶数.csproj", "{ACD81FC5-6DCF-4BA2-A391-FE0EA3AC2263}"
EndProject
Project("{FAE04EC0-301F-11D3-BF4B-00C04F79EFBC}") = "17Array类的方法", "17Array类的方法\17Array类的方法.csproj", "{8A7A6B09-5CA3-47F1-9544-93E9A629406B}"
EndProject
Global
	GlobalSection(SolutionConfigurationPlatforms) = preSolution
		Debug|Any CPU = Debug|Any CPU
		Release|Any CPU = Release|Any CPU
	EndGlobalSection
	GlobalSection(ProjectConfigurationPlatforms) = postSolution
		{3A62105A-D24C-46C3-BA95-EACC24B98151}.Debug|Any CPU.ActiveCfg = Debug|Any CPU
		{3A62105A-D24C-46C3-BA95-EACC24B98151}.Debug|Any CPU.Build.0 = Debug|Any CPU
		{3A62105A-D24C-46C3-BA95-EACC24B98151}.Release|Any CPU.ActiveCfg = Release|Any CPU
		{3A62105A-D24C-46C3-BA95-EACC24B98151}.Release|Any CPU.Build.0 = Release|Any CPU
		{2538D6F9-A3F2-4976-AEFF-5BAF3A150905}.Debug|Any CPU.ActiveCfg = Debug|Any CPU
		{2538D6F9-A3F2-4976-AEFF-5BAF3A150905}.Debug|Any CPU.Build.0 = Debug|Any CPU
		{2538D6F9-A3F2-4976-AEFF-5BAF3A150905}.Release|Any CPU.ActiveCfg = Release|Any CPU
		{2538D6F9-A3F2-4976-AEFF-5BAF3A150905}.Release|Any CPU.Build.0 = Release|Any CPU
		{10D0EE6E-C108-41E4-BF42-28BB196F6714}.Debug|Any CPU.ActiveCfg = Debug|Any CPU
		{10D0EE6E-C108-41E4-BF42-28BB196F6714}.Debug|Any CPU.Build.0 = Debug|Any CPU
		{10D0EE6E-C108-41E4-BF42-28BB196F6714}.Release|Any CPU.ActiveCfg = Release|Any CPU
		{10D0EE6E-C108-41E4-BF42-28BB196F6714}.Release|Any CPU.Build.0 = Release|Any CPU
		{8E1C0A81-060B-449B-8A45-CDCB54D070E0}.Debug|Any CPU.ActiveCfg = Debug|Any CPU
		{8E1C0A81-060B-449B-8A45-CDCB54D070E0}.Debug|Any CPU.Build.0 = Debug|Any CPU
		{8E1C0A81-060B-449B-8A45-CDCB54D070E0}.Release|Any CPU.ActiveCfg = Release|Any CPU
		{8E1C0A81-060B-449B-8A45-CDCB54D070E0}.Release|Any CPU.Build.0 = Release|Any CPU
		{F4D91946-E13D-44EE-82A1-CD00FDBF175E}.Debug|Any CPU.ActiveCfg = Debug|Any CPU
		{F4D91946-E13D-44EE-82A1-CD00FDBF175E}.Debug|Any CPU.Build.0 = Debug|Any CPU
		{F4D91946-E13D-44EE-82A1-CD00FDBF175E}.Release|Any CPU.ActiveCfg = Release|Any CPU
		{F4D91946-E13D-44EE-82A1-CD00FDBF175E}.Release|Any CPU.Build.0 = Release|Any CPU
		{8A568B10-E155-4A85-94D5-7231371652E2}.Debug|Any CPU.ActiveCfg = Debug|Any CPU
		{8A568B10-E155-4A85-94D5-7231371652E2}.Debug|Any CPU.Build.0 = Debug|Any CPU
		{8A568B10-E155-4A85-94D5-7231371652E2}.Release|Any CPU.ActiveCfg = Release|Any CPU
		{8A568B10-E155-4A85-94D5-7231371652E2}.Release|Any CPU.Build.0 = Release|Any CPU
		{72C9F977-EC00-4334-91EF-73988CD85ED7}.Debug|Any CPU.ActiveCfg = Debug|Any CPU
		{72C9F977-EC00-4334-91EF-73988CD85ED7}.Debug|Any CPU.Build.0 = Debug|Any CPU
		{72C9F977-EC00-4334-91EF-73988CD85ED7}.Release|Any CPU.ActiveCfg = Release|Any CPU
		{72C9F977-EC00-4334-91EF-73988CD85ED7}.Release|Any CPU.Build.0 = Release|Any CPU
		{D9306D9C-E649-41E1-9A97-7061B9584980}.Debug|Any CPU.ActiveCfg = Debug|Any CPU
		{D9306D9C-E649-41E1-9A97-7061B9584980}.Debug|Any CPU.Build.0 = Debug|Any CPU
		{D9306D9C-E649-41E1-9A97-7061B9584980}.Release|Any CPU.ActiveCfg = Release|Any CPU
		{D9306D9C-E649-41E1-9A97-7061B9584980}.Release|Any CPU.Build.0 = Release|Any CPU
		{39522EA1-A860-4A3F-A9B1-B9E688595C2C}.Debug|Any CPU.ActiveCfg = Debug|Any CPU
		{39522EA1-A860-4A3F-A9B1-B9E688595C2C}.Debug|Any CPU.Build.0 = Debug|Any CPU
		{39522EA1-A860-4A3F-A9B1-B9E688595C2C}.Release|Any CPU.ActiveCfg = Release|Any CPU
		{39522EA1-A860-4A3F-A9B1-B9E688595C2C}.Release|Any CPU.Build.0 = Release|Any CPU
		{09EFC900-1719-406F-A251-0EE0A3DCEDE9}.Debug|Any CPU.ActiveCfg = Debug|Any CPU
		{09EFC900-1719-406F-A251-0EE0A3DCEDE9}.Debug|Any CPU.Build.0 = Debug|Any CPU
		{09EFC900-1719-406F-A251-0EE0A3DCEDE9}.Release|Any CPU.ActiveCfg = Release|Any CPU
		{09EFC900-1719-406F-A251-0EE0A3DCEDE9}.Release|Any CPU.Build.0 = Release|Any CPU
		{125200E5-D5F0-4EC4-8DB4-4D2AE1054A09}.Debug|Any CPU.ActiveCfg = Debug|Any CPU
		{125200E5-D5F0-4EC4-8DB4-4D2AE1054A09}.Debug|Any CPU.Build.0 = Debug|Any CPU
		{125200E5-D5F0-4EC4-8DB4-4D2AE1054A09}.Release|Any CPU.ActiveCfg = Release|Any CPU
		{125200E5-D5F0-4EC4-8DB4-4D2AE1054A09}.Release|Any CPU.Build.0 = Release|Any CPU
		{EFFF598F-F937-4131-912C-3C7E71D72FED}.Debug|Any CPU.ActiveCfg = Debug|Any CPU
		{EFFF598F-F937-4131-912C-3C7E71D72FED}.Debug|Any CPU.Build.0 = Debug|Any CPU
		{EFFF598F-F937-4131-912C-3C7E71D72FED}.Release|Any CPU.ActiveCfg = Release|Any CPU
		{EFFF598F-F937-4131-912C-3C7E71D72FED}.Release|Any CPU.Build.0 = Release|Any CPU
		{BD08EDAF-9A27-4602-907F-7CD10E750A6C}.Debug|Any CPU.ActiveCfg = Debug|Any CPU
		{BD08EDAF-9A27-4602-907F-7CD10E750A6C}.Debug|Any CPU.Build.0 = Debug|Any CPU
		{BD08EDAF-9A27-4602-907F-7CD10E750A6C}.Release|Any CPU.ActiveCfg = Release|Any CPU
		{BD08EDAF-9A27-4602-907F-7CD10E750A6C}.Release|Any CPU.Build.0 = Release|Any CPU
		{7979FEDB-36BA-4598-A9D8-7CAD5DE0EA9B}.Debug|Any CPU.ActiveCfg = Debug|Any CPU
		{7979FEDB-36BA-4598-A9D8-7CAD5DE0EA9B}.Debug|Any CPU.Build.0 = Debug|Any CPU
		{7979FEDB-36BA-4598-A9D8-7CAD5DE0EA9B}.Release|Any CPU.ActiveCfg = Release|Any CPU
		{7979FEDB-36BA-4598-A9D8-7CAD5DE0EA9B}.Release|Any CPU.Build.0 = Release|Any CPU
		{C96C616C-0101-4E98-B0CD-7B9CEDDB8539}.Debug|Any CPU.ActiveCfg = Debug|Any CPU
		{C96C616C-0101-4E98-B0CD-7B9CEDDB8539}.Debug|Any CPU.Build.0 = Debug|Any CPU
		{C96C616C-0101-4E98-B0CD-7B9CEDDB8539}.Release|Any CPU.ActiveCfg = Release|Any CPU
		{C96C616C-0101-4E98-B0CD-7B9CEDDB8539}.Release|Any CPU.Build.0 = Release|Any CPU
		{ACD81FC5-6DCF-4BA2-A391-FE0EA3AC2263}.Debug|Any CPU.ActiveCfg = Debug|Any CPU
		{ACD81FC5-6DCF-4BA2-A391-FE0EA3AC2263}.Debug|Any CPU.Build.0 = Debug|Any CPU
		{ACD81FC5-6DCF-4BA2-A391-FE0EA3AC2263}.Release|Any CPU.ActiveCfg = Release|Any CPU
		{ACD81FC5-6DCF-4BA2-A391-FE0EA3AC2263}.Release|Any CPU.Build.0 = Release|Any CPU
		{8A7A6B09-5CA3-47F1-9544-93E9A629406B}.Debug|Any CPU.ActiveCfg = Debug|Any CPU
		{8A7A6B09-5CA3-47F1-9544-93E9A629406B}.Debug|Any CPU.Build.0 = Debug|Any CPU
		{8A7A6B09-5CA3-47F1-9544-93E9A629406B}.Release|Any CPU.ActiveCfg = Release|Any CPU
		{8A7A6B09-5CA3-47F1-9544-93E9A629406B}.Release|Any CPU.Build.0 = Release|Any CPU
	EndGlobalSection
	GlobalSection(SolutionProperties) = preSolution
		HideSolutionNode = FALSE
	EndGlobalSection
EndGlobal
