
Microsoft Visual Studio Solution File, Format Version 12.00
# Visual Studio 2012
Project("{FAE04EC0-301F-11D3-BF4B-00C04F79EFBC}") = "01创建XML", "01创建XML\01创建XML.csproj", "{766209B6-30A8-45F9-A258-A47633984259}"
EndProject
Project("{FAE04EC0-301F-11D3-BF4B-00C04F79EFBC}") = "02属性XML", "02属性XML\02属性XML.csproj", "{6BB35CD5-B842-415E-8BB6-118F875DF977}"
EndProject
Project("{FAE04EC0-301F-11D3-BF4B-00C04F79EFBC}") = "03追加XML", "03追加XML\03追加XML.csproj", "{C8CB5612-2BA8-42E3-BCF2-1D5B747EEA4A}"
EndProject
Project("{FAE04EC0-301F-11D3-BF4B-00C04F79EFBC}") = "04读取XML", "04读取XML\04读取XML.csproj", "{8F13BE6C-BF43-489D-87DC-793F9E5E3855}"
EndProject
Global
	GlobalSection(SolutionConfigurationPlatforms) = preSolution
		Debug|Any CPU = Debug|Any CPU
		Release|Any CPU = Release|Any CPU
	EndGlobalSection
	GlobalSection(ProjectConfigurationPlatforms) = postSolution
		{766209B6-30A8-45F9-A258-A47633984259}.Debug|Any CPU.ActiveCfg = Debug|Any CPU
		{766209B6-30A8-45F9-A258-A47633984259}.Debug|Any CPU.Build.0 = Debug|Any CPU
		{766209B6-30A8-45F9-A258-A47633984259}.Release|Any CPU.ActiveCfg = Release|Any CPU
		{766209B6-30A8-45F9-A258-A47633984259}.Release|Any CPU.Build.0 = Release|Any CPU
		{6BB35CD5-B842-415E-8BB6-118F875DF977}.Debug|Any CPU.ActiveCfg = Debug|Any CPU
		{6BB35CD5-B842-415E-8BB6-118F875DF977}.Debug|Any CPU.Build.0 = Debug|Any CPU
		{6BB35CD5-B842-415E-8BB6-118F875DF977}.Release|Any CPU.ActiveCfg = Release|Any CPU
		{6BB35CD5-B842-415E-8BB6-118F875DF977}.Release|Any CPU.Build.0 = Release|Any CPU
		{C8CB5612-2BA8-42E3-BCF2-1D5B747EEA4A}.Debug|Any CPU.ActiveCfg = Debug|Any CPU
		{C8CB5612-2BA8-42E3-BCF2-1D5B747EEA4A}.Debug|Any CPU.Build.0 = Debug|Any CPU
		{C8CB5612-2BA8-42E3-BCF2-1D5B747EEA4A}.Release|Any CPU.ActiveCfg = Release|Any CPU
		{C8CB5612-2BA8-42E3-BCF2-1D5B747EEA4A}.Release|Any CPU.Build.0 = Release|Any CPU
		{8F13BE6C-BF43-489D-87DC-793F9E5E3855}.Debug|Any CPU.ActiveCfg = Debug|Any CPU
		{8F13BE6C-BF43-489D-87DC-793F9E5E3855}.Debug|Any CPU.Build.0 = Debug|Any CPU
		{8F13BE6C-BF43-489D-87DC-793F9E5E3855}.Release|Any CPU.ActiveCfg = Release|Any CPU
		{8F13BE6C-BF43-489D-87DC-793F9E5E3855}.Release|Any CPU.Build.0 = Release|Any CPU
	EndGlobalSection
	GlobalSection(SolutionProperties) = preSolution
		HideSolutionNode = FALSE
	EndGlobalSection
EndGlobal
